// !$*UTF8*$!
{
	archiveVersion = 1;
	classes = {
	};
	objectVersion = 50;
	objects = {

/* Begin PBXBuildFile section */
		063427F624A4F68000D7C735 /* Array+Only.swift in Sources */ = {isa = PBXBuildFile; fileRef = 063427F524A4F68000D7C735 /* Array+Only.swift */; };
		066EEEFB248EC69100AE58CA /* Grid.swift in Sources */ = {isa = PBXBuildFile; fileRef = 066EEEFA248EC69100AE58CA /* Grid.swift */; };
		06CFFEFC248F968400A7A652 /* GridLayout.swift in Sources */ = {isa = PBXBuildFile; fileRef = 06CFFEFB248F968400A7A652 /* GridLayout.swift */; };
		06CFFEFE248F9D5100A7A652 /* Array+Identifiable.swift in Sources */ = {isa = PBXBuildFile; fileRef = 06CFFEFD248F9D5100A7A652 /* Array+Identifiable.swift */; };
		06E2ADD324731FCB00F36B93 /* AppDelegate.swift in Sources */ = {isa = PBXBuildFile; fileRef = 06E2ADD224731FCB00F36B93 /* AppDelegate.swift */; };
		06E2ADD524731FCB00F36B93 /* SceneDelegate.swift in Sources */ = {isa = PBXBuildFile; fileRef = 06E2ADD424731FCB00F36B93 /* SceneDelegate.swift */; };
		06E2ADD724731FCB00F36B93 /* EmojiMemoryGameView.swift in Sources */ = {isa = PBXBuildFile; fileRef = 06E2ADD624731FCB00F36B93 /* EmojiMemoryGameView.swift */; };
		06E2ADD924731FCF00F36B93 /* Assets.xcassets in Resources */ = {isa = PBXBuildFile; fileRef = 06E2ADD824731FCF00F36B93 /* Assets.xcassets */; };
		06E2ADDC24731FCF00F36B93 /* Preview Assets.xcassets in Resources */ = {isa = PBXBuildFile; fileRef = 06E2ADDB24731FCF00F36B93 /* Preview Assets.xcassets */; };
		06E2ADDF24731FCF00F36B93 /* LaunchScreen.storyboard in Resources */ = {isa = PBXBuildFile; fileRef = 06E2ADDD24731FCF00F36B93 /* LaunchScreen.storyboard */; };
		06E2ADE72474047400F36B93 /* MemoryGame.swift in Sources */ = {isa = PBXBuildFile; fileRef = 06E2ADE62474047400F36B93 /* MemoryGame.swift */; };
		06E2ADE92474087900F36B93 /* EmojiMemoryGame.swift in Sources */ = {isa = PBXBuildFile; fileRef = 06E2ADE82474087900F36B93 /* EmojiMemoryGame.swift */; };
		06F6857F24A202B80033BD14 /* Pie.swift in Sources */ = {isa = PBXBuildFile; fileRef = 06F6857E24A202B80033BD14 /* Pie.swift */; };
		06F6858124A356AF0033BD14 /* Cardify.swift in Sources */ = {isa = PBXBuildFile; fileRef = 06F6858024A356AF0033BD14 /* Cardify.swift */; };
/* End PBXBuildFile section */

/* Begin PBXFileReference section */
		063427F524A4F68000D7C735 /* Array+Only.swift */ = {isa = PBXFileReference; lastKnownFileType = sourcecode.swift; path = "Array+Only.swift"; sourceTree = "<group>"; };
		066EEEFA248EC69100AE58CA /* Grid.swift */ = {isa = PBXFileReference; lastKnownFileType = sourcecode.swift; path = Grid.swift; sourceTree = "<group>"; };
		06CFFEFB248F968400A7A652 /* GridLayout.swift */ = {isa = PBXFileReference; fileEncoding = 4; lastKnownFileType = sourcecode.swift; path = GridLayout.swift; sourceTree = "<group>"; };
		06CFFEFD248F9D5100A7A652 /* Array+Identifiable.swift */ = {isa = PBXFileReference; lastKnownFileType = sourcecode.swift; path = "Array+Identifiable.swift"; sourceTree = "<group>"; };
		06E2ADCF24731FCB00F36B93 /* Memorize.app */ = {isa = PBXFileReference; explicitFileType = wrapper.application; includeInIndex = 0; path = Memorize.app; sourceTree = BUILT_PRODUCTS_DIR; };
		06E2ADD224731FCB00F36B93 /* AppDelegate.swift */ = {isa = PBXFileReference; lastKnownFileType = sourcecode.swift; path = AppDelegate.swift; sourceTree = "<group>"; };
		06E2ADD424731FCB00F36B93 /* SceneDelegate.swift */ = {isa = PBXFileReference; lastKnownFileType = sourcecode.swift; path = SceneDelegate.swift; sourceTree = "<group>"; };
		06E2ADD624731FCB00F36B93 /* EmojiMemoryGameView.swift */ = {isa = PBXFileReference; lastKnownFileType = sourcecode.swift; path = EmojiMemoryGameView.swift; sourceTree = "<group>"; };
		06E2ADD824731FCF00F36B93 /* Assets.xcassets */ = {isa = PBXFileReference; lastKnownFileType = folder.assetcatalog; path = Assets.xcassets; sourceTree = "<group>"; };
		06E2ADDB24731FCF00F36B93 /* Preview Assets.xcassets */ = {isa = PBXFileReference; lastKnownFileType = folder.assetcatalog; path = "Preview Assets.xcassets"; sourceTree = "<group>"; };
		06E2ADDE24731FCF00F36B93 /* Base */ = {isa = PBXFileReference; lastKnownFileType = file.storyboard; name = Base; path = Base.lproj/LaunchScreen.storyboard; sourceTree = "<group>"; };
		06E2ADE024731FCF00F36B93 /* Info.plist */ = {isa = PBXFileReference; lastKnownFileType = text.plist.xml; path = Info.plist; sourceTree = "<group>"; };
		06E2ADE62474047400F36B93 /* MemoryGame.swift */ = {isa = PBXFileReference; lastKnownFileType = sourcecode.swift; path = MemoryGame.swift; sourceTree = "<group>"; };
		06E2ADE82474087900F36B93 /* EmojiMemoryGame.swift */ = {isa = PBXFileReference; lastKnownFileType = sourcecode.swift; path = EmojiMemoryGame.swift; sourceTree = "<group>"; };
		06F6857E24A202B80033BD14 /* Pie.swift */ = {isa = PBXFileReference; lastKnownFileType = sourcecode.swift; path = Pie.swift; sourceTree = "<group>"; };
		06F6858024A356AF0033BD14 /* Cardify.swift */ = {isa = PBXFileReference; lastKnownFileType = sourcecode.swift; path = Cardify.swift; sourceTree = "<group>"; };
/* End PBXFileReference section */

/* Begin PBXFrameworksBuildPhase section */
		06E2ADCC24731FCB00F36B93 /* Frameworks */ = {
			isa = PBXFrameworksBuildPhase;
			buildActionMask = 2147483647;
			files = (
			);
			runOnlyForDeploymentPostprocessing = 0;
		};
/* End PBXFrameworksBuildPhase section */

/* Begin PBXGroup section */
		06E2ADC624731FCB00F36B93 = {
			isa = PBXGroup;
			children = (
				06E2ADD124731FCB00F36B93 /* Memorize */,
			);
			sourceTree = "<group>";
		};
		06E2ADD024731FCB00F36B93 /* Products */ = {
			isa = PBXGroup;
			children = (
				06E2ADCF24731FCB00F36B93 /* Memorize.app */,
			);
			name = Products;
			path = ../..;
			sourceTree = "<group>";
		};
		06E2ADD124731FCB00F36B93 /* Memorize */ = {
			isa = PBXGroup;
			children = (
				06F6858024A356AF0033BD14 /* Cardify.swift */,
				06E2ADD624731FCB00F36B93 /* EmojiMemoryGameView.swift */,
				06F6857E24A202B80033BD14 /* Pie.swift */,
				06E2ADE82474087900F36B93 /* EmojiMemoryGame.swift */,
				06E2ADE62474047400F36B93 /* MemoryGame.swift */,
				066EEEFA248EC69100AE58CA /* Grid.swift */,
				06CFFEFB248F968400A7A652 /* GridLayout.swift */,
				06CFFEFD248F9D5100A7A652 /* Array+Identifiable.swift */,
				063427F524A4F68000D7C735 /* Array+Only.swift */,
				06E2ADD224731FCB00F36B93 /* AppDelegate.swift */,
				06E2ADD424731FCB00F36B93 /* SceneDelegate.swift */,
				06E2ADD824731FCF00F36B93 /* Assets.xcassets */,
				06E2ADDD24731FCF00F36B93 /* LaunchScreen.storyboard */,
				06E2ADE024731FCF00F36B93 /* Info.plist */,
				06E2ADDA24731FCF00F36B93 /* Preview Content */,
			);
			path = Memorize;
			sourceTree = "<group>";
		};
		06E2ADDA24731FCF00F36B93 /* Preview Content */ = {
			isa = PBXGroup;
			children = (
				06E2ADD024731FCB00F36B93 /* Products */,
				06E2ADDB24731FCF00F36B93 /* Preview Assets.xcassets */,
			);
			path = "Preview Content";
			sourceTree = "<group>";
		};
/* End PBXGroup section */

/* Begin PBXNativeTarget section */
		06E2ADCE24731FCB00F36B93 /* Memorize */ = {
			isa = PBXNativeTarget;
			buildConfigurationList = 06E2ADE324731FCF00F36B93 /* Build configuration list for PBXNativeTarget "Memorize" */;
			buildPhases = (
				06E2ADCB24731FCB00F36B93 /* Sources */,
				06E2ADCC24731FCB00F36B93 /* Frameworks */,
				06E2ADCD24731FCB00F36B93 /* Resources */,
			);
			buildRules = (
			);
			dependencies = (
			);
			name = Memorize;
			productName = Memorize;
			productReference = 06E2ADCF24731FCB00F36B93 /* Memorize.app */;
			productType = "com.apple.product-type.application";
		};
/* End PBXNativeTarget section */

/* Begin PBXProject section */
		06E2ADC724731FCB00F36B93 /* Project object */ = {
			isa = PBXProject;
			attributes = {
				LastSwiftUpdateCheck = 1140;
				LastUpgradeCheck = 1140;
				ORGANIZATIONNAME = "ivabyzov@gmail.com";
				TargetAttributes = {
					06E2ADCE24731FCB00F36B93 = {
						CreatedOnToolsVersion = 11.4.1;
					};
				};
			};
			buildConfigurationList = 06E2ADCA24731FCB00F36B93 /* Build configuration list for PBXProject "Memorize" */;
			compatibilityVersion = "Xcode 9.3";
			developmentRegion = en;
			hasScannedForEncodings = 0;
			knownRegions = (
				en,
				Base,
			);
			mainGroup = 06E2ADC624731FCB00F36B93;
			productRefGroup = 06E2ADD024731FCB00F36B93 /* Products */;
			projectDirPath = "";
			projectRoot = "";
			targets = (
				06E2ADCE24731FCB00F36B93 /* Memorize */,
			);
		};
/* End PBXProject section */

/* Begin PBXResourcesBuildPhase section */
		06E2ADCD24731FCB00F36B93 /* Resources */ = {
			isa = PBXResourcesBuildPhase;
			buildActionMask = 2147483647;
			files = (
				06E2ADDF24731FCF00F36B93 /* LaunchScreen.storyboard in Resources */,
				06E2ADDC24731FCF00F36B93 /* Preview Assets.xcassets in Resources */,
				06E2ADD924731FCF00F36B93 /* Assets.xcassets in Resources */,
			);
			runOnlyForDeploymentPostprocessing = 0;
		};
/* End PBXResourcesBuildPhase section */

/* Begin PBXSourcesBuildPhase section */
		06E2ADCB24731FCB00F36B93 /* Sources */ = {
			isa = PBXSourcesBuildPhase;
			buildActionMask = 2147483647;
			files = (
				06F6858124A356AF0033BD14 /* Cardify.swift in Sources */,
				06F6857F24A202B80033BD14 /* Pie.swift in Sources */,
				06E2ADD324731FCB00F36B93 /* AppDelegate.swift in Sources */,
				06E2ADD524731FCB00F36B93 /* SceneDelegate.swift in Sources */,
				06E2ADE72474047400F36B93 /* MemoryGame.swift in Sources */,
				06E2ADD724731FCB00F36B93 /* EmojiMemoryGameView.swift in Sources */,
				06E2ADE92474087900F36B93 /* EmojiMemoryGame.swift in Sources */,
				06CFFEFE248F9D5100A7A652 /* Array+Identifiable.swift in Sources */,
				06CFFEFC248F968400A7A652 /* GridLayout.swift in Sources */,
				063427F624A4F68000D7C735 /* Array+Only.swift in Sources */,
				066EEEFB248EC69100AE58CA /* Grid.swift in Sources */,
			);
			runOnlyForDeploymentPostprocessing = 0;
		};
/* End PBXSourcesBuildPhase section */

/* Begin PBXVariantGroup section */
		06E2ADDD24731FCF00F36B93 /* LaunchScreen.storyboard */ = {
			isa = PBXVariantGroup;
			children = (
				06E2ADDE24731FCF00F36B93 /* Base */,
			);
			name = LaunchScreen.storyboard;
			sourceTree = "<group>";
		};
/* End PBXVariantGroup section */

/* Begin XCBuildConfiguration section */
		06E2ADE124731FCF00F36B93 /* Debug */ = {
			isa = XCBuildConfiguration;
			buildSettings = {
				ALWAYS_SEARCH_USER_PATHS = NO;
				CLANG_ANALYZER_NONNULL = YES;
				CLANG_ANALYZER_NUMBER_OBJECT_CONVERSION = YES_AGGRESSIVE;
				CLANG_CXX_LANGUAGE_STANDARD = "gnu++14";
				CLANG_CXX_LIBRARY = "libc++";
				CLANG_ENABLE_MODULES = YES;
				CLANG_ENABLE_OBJC_ARC = YES;
				CLANG_ENABLE_OBJC_WEAK = YES;
				CLANG_WARN_BLOCK_CAPTURE_AUTORELEASING = YES;
				CLANG_WARN_BOOL_CONVERSION = YES;
				CLANG_WARN_COMMA = YES;
				CLANG_WARN_CONSTANT_CONVERSION = YES;
				CLANG_WARN_DEPRECATED_OBJC_IMPLEMENTATIONS = YES;
				CLANG_WARN_DIRECT_OBJC_ISA_USAGE = YES_ERROR;
				CLANG_WARN_DOCUMENTATION_COMMENTS = YES;
				CLANG_WARN_EMPTY_BODY = YES;
				CLANG_WARN_ENUM_CONVERSION = YES;
				CLANG_WARN_INFINITE_RECURSION = YES;
				CLANG_WARN_INT_CONVERSION = YES;
				CLANG_WARN_NON_LITERAL_NULL_CONVERSION = YES;
				CLANG_WARN_OBJC_IMPLICIT_RETAIN_SELF = YES;
				CLANG_WARN_OBJC_LITERAL_CONVERSION = YES;
				CLANG_WARN_OBJC_ROOT_CLASS = YES_ERROR;
				CLANG_WARN_RANGE_LOOP_ANALYSIS = YES;
				CLANG_WARN_STRICT_PROTOTYPES = YES;
				CLANG_WARN_SUSPICIOUS_MOVE = YES;
				CLANG_WARN_UNGUARDED_AVAILABILITY = YES_AGGRESSIVE;
				CLANG_WARN_UNREACHABLE_CODE = YES;
				CLANG_WARN__DUPLICATE_METHOD_MATCH = YES;
				COPY_PHASE_STRIP = NO;
				DEBUG_INFORMATION_FORMAT = dwarf;
				ENABLE_STRICT_OBJC_MSGSEND = YES;
				ENABLE_TESTABILITY = YES;
				GCC_C_LANGUAGE_STANDARD = gnu11;
				GCC_DYNAMIC_NO_PIC = NO;
				GCC_NO_COMMON_BLOCKS = YES;
				GCC_OPTIMIZATION_LEVEL = 0;
				GCC_PREPROCESSOR_DEFINITIONS = (
					"DEBUG=1",
					"$(inherited)",
				);
				GCC_WARN_64_TO_32_BIT_CONVERSION = YES;
				GCC_WARN_ABOUT_RETURN_TYPE = YES_ERROR;
				GCC_WARN_UNDECLARED_SELECTOR = YES;
				GCC_WARN_UNINITIALIZED_AUTOS = YES_AGGRESSIVE;
				GCC_WARN_UNUSED_FUNCTION = YES;
				GCC_WARN_UNUSED_VARIABLE = YES;
				IPHONEOS_DEPLOYMENT_TARGET = 13.4;
				MTL_ENABLE_DEBUG_INFO = INCLUDE_SOURCE;
				MTL_FAST_MATH = YES;
				ONLY_ACTIVE_ARCH = YES;
				SDKROOT = iphoneos;
				SWIFT_ACTIVE_COMPILATION_CONDITIONS = DEBUG;
				SWIFT_OPTIMIZATION_LEVEL = "-Onone";
			};
			name = Debug;
		};
		06E2ADE224731FCF00F36B93 /* Release */ = {
			isa = XCBuildConfiguration;
			buildSettings = {
				ALWAYS_SEARCH_USER_PATHS = NO;
				CLANG_ANALYZER_NONNULL = YES;
				CLANG_ANALYZER_NUMBER_OBJECT_CONVERSION = YES_AGGRESSIVE;
				CLANG_CXX_LANGUAGE_STANDARD = "gnu++14";
				CLANG_CXX_LIBRARY = "libc++";
				CLANG_ENABLE_MODULES = YES;
				CLANG_ENABLE_OBJC_ARC = YES;
				CLANG_ENABLE_OBJC_WEAK = YES;
				CLANG_WARN_BLOCK_CAPTURE_AUTORELEASING = YES;
				CLANG_WARN_BOOL_CONVERSION = YES;
				CLANG_WARN_COMMA = YES;
				CLANG_WARN_CONSTANT_CONVERSION = YES;
				CLANG_WARN_DEPRECATED_OBJC_IMPLEMENTATIONS = YES;
				CLANG_WARN_DIRECT_OBJC_ISA_USAGE = YES_ERROR;
				CLANG_WARN_DOCUMENTATION_COMMENTS = YES;
				CLANG_WARN_EMPTY_BODY = YES;
				CLANG_WARN_ENUM_CONVERSION = YES;
				CLANG_WARN_INFINITE_RECURSION = YES;
				CLANG_WARN_INT_CONVERSION = YES;
				CLANG_WARN_NON_LITERAL_NULL_CONVERSION = YES;
				CLANG_WARN_OBJC_IMPLICIT_RETAIN_SELF = YES;
				CLANG_WARN_OBJC_LITERAL_CONVERSION = YES;
				CLANG_WARN_OBJC_ROOT_CLASS = YES_ERROR;
				CLANG_WARN_RANGE_LOOP_ANALYSIS = YES;
				CLANG_WARN_STRICT_PROTOTYPES = YES;
				CLANG_WARN_SUSPICIOUS_MOVE = YES;
				CLANG_WARN_UNGUARDED_AVAILABILITY = YES_AGGRESSIVE;
				CLANG_WARN_UNREACHABLE_CODE = YES;
				CLANG_WARN__DUPLICATE_METHOD_MATCH = YES;
				COPY_PHASE_STRIP = NO;
				DEBUG_INFORMATION_FORMAT = "dwarf-with-dsym";
				ENABLE_NS_ASSERTIONS = NO;
				ENABLE_STRICT_OBJC_MSGSEND = YES;
				GCC_C_LANGUAGE_STANDARD = gnu11;
				GCC_NO_COMMON_BLOCKS = YES;
				GCC_WARN_64_TO_32_BIT_CONVERSION = YES;
				GCC_WARN_ABOUT_RETURN_TYPE = YES_ERROR;
				GCC_WARN_UNDECLARED_SELECTOR = YES;
				GCC_WARN_UNINITIALIZED_AUTOS = YES_AGGRESSIVE;
				GCC_WARN_UNUSED_FUNCTION = YES;
				GCC_WARN_UNUSED_VARIABLE = YES;
				IPHONEOS_DEPLOYMENT_TARGET = 13.4;
				MTL_ENABLE_DEBUG_INFO = NO;
				MTL_FAST_MATH = YES;
				SDKROOT = iphoneos;
				SWIFT_COMPILATION_MODE = wholemodule;
				SWIFT_OPTIMIZATION_LEVEL = "-O";
				VALIDATE_PRODUCT = YES;
			};
			name = Release;
		};
		06E2ADE424731FCF00F36B93 /* Debug */ = {
			isa = XCBuildConfiguration;
			buildSettings = {
				ASSETCATALOG_COMPILER_APPICON_NAME = AppIcon;
				CODE_SIGN_STYLE = Automatic;
				DEVELOPMENT_ASSET_PATHS = "\"Memorize/Preview Content\"";
				ENABLE_PREVIEWS = YES;
				INFOPLIST_FILE = Memorize/Info.plist;
				LD_RUNPATH_SEARCH_PATHS = (
					"$(inherited)",
					"@executable_path/Frameworks",
				);
				PRODUCT_BUNDLE_IDENTIFIER = vozyba.Memorize;
				PRODUCT_NAME = "$(TARGET_NAME)";
				SWIFT_VERSION = 5.0;
				TARGETED_DEVICE_FAMILY = "1,2";
			};
			name = Debug;
		};
		06E2ADE524731FCF00F36B93 /* Release */ = {
			isa = XCBuildConfiguration;
			buildSettings = {
				ASSETCATALOG_COMPILER_APPICON_NAME = AppIcon;
				CODE_SIGN_STYLE = Automatic;
				DEVELOPMENT_ASSET_PATHS = "\"Memorize/Preview Content\"";
				ENABLE_PREVIEWS = YES;
				INFOPLIST_FILE = Memorize/Info.plist;
				LD_RUNPATH_SEARCH_PATHS = (
					"$(inherited)",
					"@executable_path/Frameworks",
				);
				PRODUCT_BUNDLE_IDENTIFIER = vozyba.Memorize;
				PRODUCT_NAME = "$(TARGET_NAME)";
				SWIFT_VERSION = 5.0;
				TARGETED_DEVICE_FAMILY = "1,2";
			};
			name = Release;
		};
/* End XCBuildConfiguration section */

/* Begin XCConfigurationList section */
		06E2ADCA24731FCB00F36B93 /* Build configuration list for PBXProject "Memorize" */ = {
			isa = XCConfigurationList;
			buildConfigurations = (
				06E2ADE124731FCF00F36B93 /* Debug */,
				06E2ADE224731FCF00F36B93 /* Release */,
			);
			defaultConfigurationIsVisible = 0;
			defaultConfigurationName = Release;
		};
		06E2ADE324731FCF00F36B93 /* Build configuration list for PBXNativeTarget "Memorize" */ = {
			isa = XCConfigurationList;
			buildConfigurations = (
				06E2ADE424731FCF00F36B93 /* Debug */,
				06E2ADE524731FCF00F36B93 /* Release */,
			);
			defaultConfigurationIsVisible = 0;
			defaultConfigurationName = Release;
		};
/* End XCConfigurationList section */
	};
	rootObject = 06E2ADC724731FCB00F36B93 /* Project object */;
}
